// !$*UTF8*$!
{
	archiveVersion = 1;
	classes = {
	};
	objectVersion = 46;
	objects = {

/* Begin PBXBuildFile section */
		AE8DFA471A06134600565EFC /* main.m in Sources */ = {isa = PBXBuildFile; fileRef = AE8DFA461A06134600565EFC /* main.m */; };
		AE8DFA4A1A06134600565EFC /* AppDelegate.m in Sources */ = {isa = PBXBuildFile; fileRef = AE8DFA491A06134600565EFC /* AppDelegate.m */; };
		AE8DFA4D1A06134600565EFC /* ViewController.m in Sources */ = {isa = PBXBuildFile; fileRef = AE8DFA4C1A06134600565EFC /* ViewController.m */; };
		AE8DFA501A06134600565EFC /* Main.storyboard in Resources */ = {isa = PBXBuildFile; fileRef = AE8DFA4E1A06134600565EFC /* Main.storyboard */; };
		AE8DFA521A06134600565EFC /* Images.xcassets in Resources */ = {isa = PBXBuildFile; fileRef = AE8DFA511A06134600565EFC /* Images.xcassets */; };
		AE8DFA551A06134600565EFC /* LaunchScreen.xib in Resources */ = {isa = PBXBuildFile; fileRef = AE8DFA531A06134600565EFC /* LaunchScreen.xib */; };
		AE8DFA611A06134600565EFC /* Adv1_5Tests.m in Sources */ = {isa = PBXBuildFile; fileRef = AE8DFA601A06134600565EFC /* Adv1_5Tests.m */; };
/* End PBXBuildFile section */

/* Begin PBXContainerItemProxy section */
		AE8DFA5B1A06134600565EFC /* PBXContainerItemProxy */ = {
			isa = PBXContainerItemProxy;
			containerPortal = AE8DFA391A06134500565EFC /* Project object */;
			proxyType = 1;
			remoteGlobalIDString = AE8DFA401A06134600565EFC;
			remoteInfo = Adv1_5;
		};
/* End PBXContainerItemProxy section */

/* Begin PBXFileReference section */
		AE8DFA411A06134600565EFC /* Adv1_5.app */ = {isa = PBXFileReference; explicitFileType = wrapper.application; includeInIndex = 0; path = Adv1_5.app; sourceTree = BUILT_PRODUCTS_DIR; };
		AE8DFA451A06134600565EFC /* Info.plist */ = {isa = PBXFileReference; lastKnownFileType = text.plist.xml; path = Info.plist; sourceTree = "<group>"; };
		AE8DFA461A06134600565EFC /* main.m */ = {isa = PBXFileReference; lastKnownFileType = sourcecode.c.objc; path = main.m; sourceTree = "<group>"; };
		AE8DFA481A06134600565EFC /* AppDelegate.h */ = {isa = PBXFileReference; lastKnownFileType = sourcecode.c.h; path = AppDelegate.h; sourceTree = "<group>"; };
		AE8DFA491A06134600565EFC /* AppDelegate.m */ = {isa = PBXFileReference; lastKnownFileType = sourcecode.c.objc; path = AppDelegate.m; sourceTree = "<group>"; };
		AE8DFA4B1A06134600565EFC /* ViewController.h */ = {isa = PBXFileReference; lastKnownFileType = sourcecode.c.h; path = ViewController.h; sourceTree = "<group>"; };
		AE8DFA4C1A06134600565EFC /* ViewController.m */ = {isa = PBXFileReference; lastKnownFileType = sourcecode.c.objc; path = ViewController.m; sourceTree = "<group>"; };
		AE8DFA4F1A06134600565EFC /* Base */ = {isa = PBXFileReference; lastKnownFileType = file.storyboard; name = Base; path = Base.lproj/Main.storyboard; sourceTree = "<group>"; };
		AE8DFA511A06134600565EFC /* Images.xcassets */ = {isa = PBXFileReference; lastKnownFileType = folder.assetcatalog; path = Images.xcassets; sourceTree = "<group>"; };
		AE8DFA541A06134600565EFC /* Base */ = {isa = PBXFileReference; lastKnownFileType = file.xib; name = Base; path = Base.lproj/LaunchScreen.xib; sourceTree = "<group>"; };
		AE8DFA5A1A06134600565EFC /* Adv1_5Tests.xctest */ = {isa = PBXFileReference; explicitFileType = wrapper.cfbundle; includeInIndex = 0; path = Adv1_5Tests.xctest; sourceTree = BUILT_PRODUCTS_DIR; };
		AE8DFA5F1A06134600565EFC /* Info.plist */ = {isa = PBXFileReference; lastKnownFileType = text.plist.xml; path = Info.plist; sourceTree = "<group>"; };
		AE8DFA601A06134600565EFC /* Adv1_5Tests.m */ = {isa = PBXFileReference; lastKnownFileType = sourcecode.c.objc; path = Adv1_5Tests.m; sourceTree = "<group>"; };
/* End PBXFileReference section */

/* Begin PBXFrameworksBuildPhase section */
		AE8DFA3E1A06134600565EFC /* Frameworks */ = {
			isa = PBXFrameworksBuildPhase;
			buildActionMask = 2147483647;
			files = (
			);
			runOnlyForDeploymentPostprocessing = 0;
		};
		AE8DFA571A06134600565EFC /* Frameworks */ = {
			isa = PBXFrameworksBuildPhase;
			buildActionMask = 2147483647;
			files = (
			);
			runOnlyForDeploymentPostprocessing = 0;
		};
/* End PBXFrameworksBuildPhase section */

/* Begin PBXGroup section */
		AE8DFA381A06134500565EFC = {
			isa = PBXGroup;
			children = (
				AE8DFA431A06134600565EFC /* Adv1_5 */,
				AE8DFA5D1A06134600565EFC /* Adv1_5Tests */,
				AE8DFA421A06134600565EFC /* Products */,
			);
			sourceTree = "<group>";
		};
		AE8DFA421A06134600565EFC /* Products */ = {
			isa = PBXGroup;
			children = (
				AE8DFA411A06134600565EFC /* Adv1_5.app */,
				AE8DFA5A1A06134600565EFC /* Adv1_5Tests.xctest */,
			);
			name = Products;
			sourceTree = "<group>";
		};
		AE8DFA431A06134600565EFC /* Adv1_5 */ = {
			isa = PBXGroup;
			children = (
				AE8DFA481A06134600565EFC /* AppDelegate.h */,
				AE8DFA491A06134600565EFC /* AppDelegate.m */,
				AE8DFA4B1A06134600565EFC /* ViewController.h */,
				AE8DFA4C1A06134600565EFC /* ViewController.m */,
				AE8DFA4E1A06134600565EFC /* Main.storyboard */,
				AE8DFA511A06134600565EFC /* Images.xcassets */,
				AE8DFA531A06134600565EFC /* LaunchScreen.xib */,
				AE8DFA441A06134600565EFC /* Supporting Files */,
			);
			path = Adv1_5;
			sourceTree = "<group>";
		};
		AE8DFA441A06134600565EFC /* Supporting Files */ = {
			isa = PBXGroup;
			children = (
				AE8DFA451A06134600565EFC /* Info.plist */,
				AE8DFA461A06134600565EFC /* main.m */,
			);
			name = "Supporting Files";
			sourceTree = "<group>";
		};
		AE8DFA5D1A06134600565EFC /* Adv1_5Tests */ = {
			isa = PBXGroup;
			children = (
				AE8DFA601A06134600565EFC /* Adv1_5Tests.m */,
				AE8DFA5E1A06134600565EFC /* Supporting Files */,
			);
			path = Adv1_5Tests;
			sourceTree = "<group>";
		};
		AE8DFA5E1A06134600565EFC /* Supporting Files */ = {
			isa = PBXGroup;
			children = (
				AE8DFA5F1A06134600565EFC /* Info.plist */,
			);
			name = "Supporting Files";
			sourceTree = "<group>";
		};
/* End PBXGroup section */

/* Begin PBXNativeTarget section */
		AE8DFA401A06134600565EFC /* Adv1_5 */ = {
			isa = PBXNativeTarget;
			buildConfigurationList = AE8DFA641A06134600565EFC /* Build configuration list for PBXNativeTarget "Adv1_5" */;
			buildPhases = (
				AE8DFA3D1A06134600565EFC /* Sources */,
				AE8DFA3E1A06134600565EFC /* Frameworks */,
				AE8DFA3F1A06134600565EFC /* Resources */,
			);
			buildRules = (
			);
			dependencies = (
			);
			name = Adv1_5;
			productName = Adv1_5;
			productReference = AE8DFA411A06134600565EFC /* Adv1_5.app */;
			productType = "com.apple.product-type.application";
		};
		AE8DFA591A06134600565EFC /* Adv1_5Tests */ = {
			isa = PBXNativeTarget;
			buildConfigurationList = AE8DFA671A06134600565EFC /* Build configuration list for PBXNativeTarget "Adv1_5Tests" */;
			buildPhases = (
				AE8DFA561A06134600565EFC /* Sources */,
				AE8DFA571A06134600565EFC /* Frameworks */,
				AE8DFA581A06134600565EFC /* Resources */,
			);
			buildRules = (
			);
			dependencies = (
				AE8DFA5C1A06134600565EFC /* PBXTargetDependency */,
			);
			name = Adv1_5Tests;
			productName = Adv1_5Tests;
			productReference = AE8DFA5A1A06134600565EFC /* Adv1_5Tests.xctest */;
			productType = "com.apple.product-type.bundle.unit-test";
		};
/* End PBXNativeTarget section */

/* Begin PBXProject section */
		AE8DFA391A06134500565EFC /* Project object */ = {
			isa = PBXProject;
			attributes = {
				LastUpgradeCheck = 0610;
				ORGANIZATIONNAME = "pw's air";
				TargetAttributes = {
					AE8DFA401A06134600565EFC = {
						CreatedOnToolsVersion = 6.1;
					};
					AE8DFA591A06134600565EFC = {
						CreatedOnToolsVersion = 6.1;
						TestTargetID = AE8DFA401A06134600565EFC;
					};
				};
			};
			buildConfigurationList = AE8DFA3C1A06134500565EFC /* Build configuration list for PBXProject "Adv1_5" */;
			compatibilityVersion = "Xcode 3.2";
			developmentRegion = English;
			hasScannedForEncodings = 0;
			knownRegions = (
				en,
				Base,
			);
			mainGroup = AE8DFA381A06134500565EFC;
			productRefGroup = AE8DFA421A06134600565EFC /* Products */;
			projectDirPath = "";
			projectRoot = "";
			targets = (
				AE8DFA401A06134600565EFC /* Adv1_5 */,
				AE8DFA591A06134600565EFC /* Adv1_5Tests */,
			);
		};
/* End PBXProject section */

/* Begin PBXResourcesBuildPhase section */
		AE8DFA3F1A06134600565EFC /* Resources */ = {
			isa = PBXResourcesBuildPhase;
			buildActionMask = 2147483647;
			files = (
				AE8DFA501A06134600565EFC /* Main.storyboard in Resources */,
				AE8DFA551A06134600565EFC /* LaunchScreen.xib in Resources */,
				AE8DFA521A06134600565EFC /* Images.xcassets in Resources */,
			);
			runOnlyForDeploymentPostprocessing = 0;
		};
		AE8DFA581A06134600565EFC /* Resources */ = {
			isa = PBXResourcesBuildPhase;
			buildActionMask = 2147483647;
			files = (
			);
			runOnlyForDeploymentPostprocessing = 0;
		};
/* End PBXResourcesBuildPhase section */

/* Begin PBXSourcesBuildPhase section */
		AE8DFA3D1A06134600565EFC /* Sources */ = {
			isa = PBXSourcesBuildPhase;
			buildActionMask = 2147483647;
			files = (
				AE8DFA4D1A06134600565EFC /* ViewController.m in Sources */,
				AE8DFA4A1A06134600565EFC /* AppDelegate.m in Sources */,
				AE8DFA471A06134600565EFC /* main.m in Sources */,
			);
			runOnlyForDeploymentPostprocessing = 0;
		};
		AE8DFA561A06134600565EFC /* Sources */ = {
			isa = PBXSourcesBuildPhase;
			buildActionMask = 2147483647;
			files = (
				AE8DFA611A06134600565EFC /* Adv1_5Tests.m in Sources */,
			);
			runOnlyForDeploymentPostprocessing = 0;
		};
/* End PBXSourcesBuildPhase section */

/* Begin PBXTargetDependency section */
		AE8DFA5C1A06134600565EFC /* PBXTargetDependency */ = {
			isa = PBXTargetDependency;
			target = AE8DFA401A06134600565EFC /* Adv1_5 */;
			targetProxy = AE8DFA5B1A06134600565EFC /* PBXContainerItemProxy */;
		};
/* End PBXTargetDependency section */

/* Begin PBXVariantGroup section */
		AE8DFA4E1A06134600565EFC /* Main.storyboard */ = {
			isa = PBXVariantGroup;
			children = (
				AE8DFA4F1A06134600565EFC /* Base */,
			);
			name = Main.storyboard;
			sourceTree = "<group>";
		};
		AE8DFA531A06134600565EFC /* LaunchScreen.xib */ = {
			isa = PBXVariantGroup;
			children = (
				AE8DFA541A06134600565EFC /* Base */,
			);
			name = LaunchScreen.xib;
			sourceTree = "<group>";
		};
/* End PBXVariantGroup section */

/* Begin XCBuildConfiguration section */
		AE8DFA621A06134600565EFC /* Debug */ = {
			isa = XCBuildConfiguration;
			buildSettings = {
				ALWAYS_SEARCH_USER_PATHS = NO;
				CLANG_CXX_LANGUAGE_STANDARD = "gnu++0x";
				CLANG_CXX_LIBRARY = "libc++";
				CLANG_ENABLE_MODULES = YES;
				CLANG_ENABLE_OBJC_ARC = YES;
				CLANG_WARN_BOOL_CONVERSION = YES;
				CLANG_WARN_CONSTANT_CONVERSION = YES;
				CLANG_WARN_DIRECT_OBJC_ISA_USAGE = YES_ERROR;
				CLANG_WARN_EMPTY_BODY = YES;
				CLANG_WARN_ENUM_CONVERSION = YES;
				CLANG_WARN_INT_CONVERSION = YES;
				CLANG_WARN_OBJC_ROOT_CLASS = YES_ERROR;
				CLANG_WARN_UNREACHABLE_CODE = YES;
				CLANG_WARN__DUPLICATE_METHOD_MATCH = YES;
				"CODE_SIGN_IDENTITY[sdk=iphoneos*]" = "iPhone Developer";
				COPY_PHASE_STRIP = NO;
				ENABLE_STRICT_OBJC_MSGSEND = YES;
				GCC_C_LANGUAGE_STANDARD = gnu99;
				GCC_DYNAMIC_NO_PIC = NO;
				GCC_OPTIMIZATION_LEVEL = 0;
				GCC_PREPROCESSOR_DEFINITIONS = (
					"DEBUG=1",
					"$(inherited)",
				);
				GCC_SYMBOLS_PRIVATE_EXTERN = NO;
				GCC_WARN_64_TO_32_BIT_CONVERSION = YES;
				GCC_WARN_ABOUT_RETURN_TYPE = YES_ERROR;
				GCC_WARN_UNDECLARED_SELECTOR = YES;
				GCC_WARN_UNINITIALIZED_AUTOS = YES_AGGRESSIVE;
				GCC_WARN_UNUSED_FUNCTION = YES;
				GCC_WARN_UNUSED_VARIABLE = YES;
				IPHONEOS_DEPLOYMENT_TARGET = 8.1;
				MTL_ENABLE_DEBUG_INFO = YES;
				ONLY_ACTIVE_ARCH = YES;
				SDKROOT = iphoneos;
				TARGETED_DEVICE_FAMILY = "1,2";
			};
			name = Debug;
		};
		AE8DFA631A06134600565EFC /* Release */ = {
			isa = XCBuildConfiguration;
			buildSettings = {
				ALWAYS_SEARCH_USER_PATHS = NO;
				CLANG_CXX_LANGUAGE_STANDARD = "gnu++0x";
				CLANG_CXX_LIBRARY = "libc++";
				CLANG_ENABLE_MODULES = YES;
				CLANG_ENABLE_OBJC_ARC = YES;
				CLANG_WARN_BOOL_CONVERSION = YES;
				CLANG_WARN_CONSTANT_CONVERSION = YES;
				CLANG_WARN_DIRECT_OBJC_ISA_USAGE = YES_ERROR;
				CLANG_WARN_EMPTY_BODY = YES;
				CLANG_WARN_ENUM_CONVERSION = YES;
				CLANG_WARN_INT_CONVERSION = YES;
				CLANG_WARN_OBJC_ROOT_CLASS = YES_ERROR;
				CLANG_WARN_UNREACHABLE_CODE = YES;
				CLANG_WARN__DUPLICATE_METHOD_MATCH = YES;
				"CODE_SIGN_IDENTITY[sdk=iphoneos*]" = "iPhone Developer";
				COPY_PHASE_STRIP = YES;
				ENABLE_NS_ASSERTIONS = NO;
				ENABLE_STRICT_OBJC_MSGSEND = YES;
				GCC_C_LANGUAGE_STANDARD = gnu99;
				GCC_WARN_64_TO_32_BIT_CONVERSION = YES;
				GCC_WARN_ABOUT_RETURN_TYPE = YES_ERROR;
				GCC_WARN_UNDECLARED_SELECTOR = YES;
				GCC_WARN_UNINITIALIZED_AUTOS = YES_AGGRESSIVE;
				GCC_WARN_UNUSED_FUNCTION = YES;
				GCC_WARN_UNUSED_VARIABLE = YES;
				IPHONEOS_DEPLOYMENT_TARGET = 8.1;
				MTL_ENABLE_DEBUG_INFO = NO;
				SDKROOT = iphoneos;
				TARGETED_DEVICE_FAMILY = "1,2";
				VALIDATE_PRODUCT = YES;
			};
			name = Release;
		};
		AE8DFA651A06134600565EFC /* Debug */ = {
			isa = XCBuildConfiguration;
			buildSettings = {
				ASSETCATALOG_COMPILER_APPICON_NAME = AppIcon;
				INFOPLIST_FILE = Adv1_5/Info.plist;
				LD_RUNPATH_SEARCH_PATHS = "$(inherited) @executable_path/Frameworks";
				PRODUCT_NAME = "$(TARGET_NAME)";
			};
			name = Debug;
		};
		AE8DFA661A06134600565EFC /* Release */ = {
			isa = XCBuildConfiguration;
			buildSettings = {
				ASSETCATALOG_COMPILER_APPICON_NAME = AppIcon;
				INFOPLIST_FILE = Adv1_5/Info.plist;
				LD_RUNPATH_SEARCH_PATHS = "$(inherited) @executable_path/Frameworks";
				PRODUCT_NAME = "$(TARGET_NAME)";
			};
			name = Release;
		};
		AE8DFA681A06134600565EFC /* Debug */ = {
			isa = XCBuildConfiguration;
			buildSettings = {
				BUNDLE_LOADER = "$(TEST_HOST)";
				FRAMEWORK_SEARCH_PATHS = (
					"$(SDKROOT)/Developer/Library/Frameworks",
					"$(inherited)",
				);
				GCC_PREPROCESSOR_DEFINITIONS = (
					"DEBUG=1",
					"$(inherited)",
				);
				INFOPLIST_FILE = Adv1_5Tests/Info.plist;
				LD_RUNPATH_SEARCH_PATHS = "$(inherited) @executable_path/Frameworks @loader_path/Frameworks";
				PRODUCT_NAME = "$(TARGET_NAME)";
				TEST_HOST = "$(BUILT_PRODUCTS_DIR)/Adv1_5.app/Adv1_5";
			};
			name = Debug;
		};
		AE8DFA691A06134600565EFC /* Release */ = {
			isa = XCBuildConfiguration;
			buildSettings = {
				BUNDLE_LOADER = "$(TEST_HOST)";
				FRAMEWORK_SEARCH_PATHS = (
					"$(SDKROOT)/Developer/Library/Frameworks",
					"$(inherited)",
				);
				INFOPLIST_FILE = Adv1_5Tests/Info.plist;
				LD_RUNPATH_SEARCH_PATHS = "$(inherited) @executable_path/Frameworks @loader_path/Frameworks";
				PRODUCT_NAME = "$(TARGET_NAME)";
				TEST_HOST = "$(BUILT_PRODUCTS_DIR)/Adv1_5.app/Adv1_5";
			};
			name = Release;
		};
/* End XCBuildConfiguration section */

/* Begin XCConfigurationList section */
		AE8DFA3C1A06134500565EFC /* Build configuration list for PBXProject "Adv1_5" */ = {
			isa = XCConfigurationList;
			buildConfigurations = (
				AE8DFA621A06134600565EFC /* Debug */,
				AE8DFA631A06134600565EFC /* Release */,
			);
			defaultConfigurationIsVisible = 0;
			defaultConfigurationName = Release;
		};
		AE8DFA641A06134600565EFC /* Build configuration list for PBXNativeTarget "Adv1_5" */ = {
			isa = XCConfigurationList;
			buildConfigurations = (
				AE8DFA651A06134600565EFC /* Debug */,
				AE8DFA661A06134600565EFC /* Release */,
			);
			defaultConfigurationIsVisible = 0;
		};
		AE8DFA671A06134600565EFC /* Build configuration list for PBXNativeTarget "Adv1_5Tests" */ = {
			isa = XCConfigurationList;
			buildConfigurations = (
				AE8DFA681A06134600565EFC /* Debug */,
				AE8DFA691A06134600565EFC /* Release */,
			);
			defaultConfigurationIsVisible = 0;
		};
/* End XCConfigurationList section */
	};
	rootObject = AE8DFA391A06134500565EFC /* Project object */;
}
